// !$*UTF8*$!
{
	archiveVersion = 1;
	classes = {
	};
	objectVersion = 56;
	objects = {

/* Begin PBXBuildFile section */
		2C670C1B2CAA7F940080B444 /* AppDelegate.swift in Sources */ = {isa = PBXBuildFile; fileRef = 2C670C1A2CAA7F940080B444 /* AppDelegate.swift */; };
		2C670C1F2CAA7F940080B444 /* HomeViewController.swift in Sources */ = {isa = PBXBuildFile; fileRef = 2C670C1E2CAA7F940080B444 /* HomeViewController.swift */; };
		2C670C222CAA7F940080B444 /* Main.storyboard in Resources */ = {isa = PBXBuildFile; fileRef = 2C670C202CAA7F940080B444 /* Main.storyboard */; };
		2C670C242CAA7F950080B444 /* Assets.xcassets in Resources */ = {isa = PBXBuildFile; fileRef = 2C670C232CAA7F950080B444 /* Assets.xcassets */; };
		2C670C272CAA7F950080B444 /* LaunchScreen.storyboard in Resources */ = {isa = PBXBuildFile; fileRef = 2C670C252CAA7F950080B444 /* LaunchScreen.storyboard */; };
		2C670C322CAA7F950080B444 /* RoomScan3DTests.swift in Sources */ = {isa = PBXBuildFile; fileRef = 2C670C312CAA7F950080B444 /* RoomScan3DTests.swift */; };
		2C670C3C2CAA7F950080B444 /* RoomScan3DUITests.swift in Sources */ = {isa = PBXBuildFile; fileRef = 2C670C3B2CAA7F950080B444 /* RoomScan3DUITests.swift */; };
		2C670C3E2CAA7F950080B444 /* RoomScan3DUITestsLaunchTests.swift in Sources */ = {isa = PBXBuildFile; fileRef = 2C670C3D2CAA7F950080B444 /* RoomScan3DUITestsLaunchTests.swift */; };
		2C670C4C2CAA84AB0080B444 /* ScanViewController.swift in Sources */ = {isa = PBXBuildFile; fileRef = 2C670C4B2CAA84AB0080B444 /* ScanViewController.swift */; };
		2C670C4F2CB7CEA60080B444 /* ViewCell.xib in Resources */ = {isa = PBXBuildFile; fileRef = 2C670C4E2CB7CEA60080B444 /* ViewCell.xib */; };
		2C670C512CB7D15C0080B444 /* ViewCellController.swift in Sources */ = {isa = PBXBuildFile; fileRef = 2C670C502CB7D15C0080B444 /* ViewCellController.swift */; };
		2C670C542CB7D6460080B444 /* CaptureRoomData.swift in Sources */ = {isa = PBXBuildFile; fileRef = 2C670C532CB7D6460080B444 /* CaptureRoomData.swift */; };
		431FFA7CE678406D847E0735 /* Pods_RoomScan3DTests.framework in Frameworks */ = {isa = PBXBuildFile; fileRef = BA79989D0DFE0594CC0841BE /* Pods_RoomScan3DTests.framework */; };
		843CAC522D11611600D88324 /* ExampleBasicContentView.swift in Sources */ = {isa = PBXBuildFile; fileRef = 843CAC512D11611600D88324 /* ExampleBasicContentView.swift */; };
		843CAC542D11613200D88324 /* ExampleIrregularityBasicContentView.swift in Sources */ = {isa = PBXBuildFile; fileRef = 843CAC532D11613200D88324 /* ExampleIrregularityBasicContentView.swift */; };
		843CAC562D1161A200D88324 /* UIColor+Extension.swift in Sources */ = {isa = PBXBuildFile; fileRef = 843CAC552D1161A200D88324 /* UIColor+Extension.swift */; };
		84AB07F72D11A5480099B35E /* FavouriteViewController.swift in Sources */ = {isa = PBXBuildFile; fileRef = 84AB07F62D11A5480099B35E /* FavouriteViewController.swift */; };
		84AB07FB2D11A6150099B35E /* R.generated.swift in Sources */ = {isa = PBXBuildFile; fileRef = 84AB07FA2D11A6150099B35E /* R.generated.swift */; };
		84AB07FD2D11AB640099B35E /* BaseViewController.swift in Sources */ = {isa = PBXBuildFile; fileRef = 84AB07FC2D11AB640099B35E /* BaseViewController.swift */; };
		84F768B12CB8CC6B005FBB2F /* Show3DViewController.swift in Sources */ = {isa = PBXBuildFile; fileRef = 84F768B02CB8CC6B005FBB2F /* Show3DViewController.swift */; };
		84F768B52CB8D000005FBB2F /* DrawParameters.swift in Sources */ = {isa = PBXBuildFile; fileRef = 84F768B22CB8D000005FBB2F /* DrawParameters.swift */; };
		84F768B62CB8D000005FBB2F /* FloorPlanObject.swift in Sources */ = {isa = PBXBuildFile; fileRef = 84F768B32CB8D000005FBB2F /* FloorPlanObject.swift */; };
		84F768B72CB8D000005FBB2F /* FloorPlanSurface.swift in Sources */ = {isa = PBXBuildFile; fileRef = 84F768B42CB8D000005FBB2F /* FloorPlanSurface.swift */; };
		84F768BA2CB8D02B005FBB2F /* Show2DViewController.swift in Sources */ = {isa = PBXBuildFile; fileRef = 84F768B92CB8D02B005FBB2F /* Show2DViewController.swift */; };
		84F768BE2CB8D109005FBB2F /* simd_float4x4+EulerAnglesAndPosition.swift in Sources */ = {isa = PBXBuildFile; fileRef = 84F768BC2CB8D109005FBB2F /* simd_float4x4+EulerAnglesAndPosition.swift */; };
		84F768BF2CB8D109005FBB2F /* CGPoint+RotateAround.swift in Sources */ = {isa = PBXBuildFile; fileRef = 84F768BD2CB8D109005FBB2F /* CGPoint+RotateAround.swift */; };
		84F768C12CB8D15E005FBB2F /* FloorShow2D.swift in Sources */ = {isa = PBXBuildFile; fileRef = 84F768C02CB8D15E005FBB2F /* FloorShow2D.swift */; };
		84F768C42CBF96B3005FBB2F /* SettingViewController.swift in Sources */ = {isa = PBXBuildFile; fileRef = 84F768C32CBF96B3005FBB2F /* SettingViewController.swift */; };
		84F768C72CBF979A005FBB2F /* Configs.swift in Sources */ = {isa = PBXBuildFile; fileRef = 84F768C62CBF979A005FBB2F /* Configs.swift */; };
		84F768CB2CBF9937005FBB2F /* SettingCells.xib in Resources */ = {isa = PBXBuildFile; fileRef = 84F768C92CBF9937005FBB2F /* SettingCells.xib */; };
		84F768CC2CBF9937005FBB2F /* SettingCells.swift in Sources */ = {isa = PBXBuildFile; fileRef = 84F768CA2CBF9937005FBB2F /* SettingCells.swift */; };
		84F768CE2CBF9F54005FBB2F /* UIViewController+Extension.swift in Sources */ = {isa = PBXBuildFile; fileRef = 84F768CD2CBF9F54005FBB2F /* UIViewController+Extension.swift */; };
		91C32B83F1AE260F6AFE4D17 /* Pods_RoomScan3D_RoomScan3DUITests.framework in Frameworks */ = {isa = PBXBuildFile; fileRef = 794A604A42D7E800E25A74DF /* Pods_RoomScan3D_RoomScan3DUITests.framework */; };
		B67204EC11E08DC99BAE4A75 /* Pods_RoomScan3D.framework in Frameworks */ = {isa = PBXBuildFile; fileRef = 46525F0D8BBA3356B35A61C7 /* Pods_RoomScan3D.framework */; };
/* End PBXBuildFile section */

/* Begin PBXContainerItemProxy section */
		2C670C2E2CAA7F950080B444 /* PBXContainerItemProxy */ = {
			isa = PBXContainerItemProxy;
			containerPortal = 2C670C0F2CAA7F940080B444 /* Project object */;
			proxyType = 1;
			remoteGlobalIDString = 2C670C162CAA7F940080B444;
			remoteInfo = RoomScan3D;
		};
		2C670C382CAA7F950080B444 /* PBXContainerItemProxy */ = {
			isa = PBXContainerItemProxy;
			containerPortal = 2C670C0F2CAA7F940080B444 /* Project object */;
			proxyType = 1;
			remoteGlobalIDString = 2C670C162CAA7F940080B444;
			remoteInfo = RoomScan3D;
		};
/* End PBXContainerItemProxy section */

/* Begin PBXFileReference section */
		2C670C172CAA7F940080B444 /* RoomScan3D.app */ = {isa = PBXFileReference; explicitFileType = wrapper.application; includeInIndex = 0; path = RoomScan3D.app; sourceTree = BUILT_PRODUCTS_DIR; };
		2C670C1A2CAA7F940080B444 /* AppDelegate.swift */ = {isa = PBXFileReference; lastKnownFileType = sourcecode.swift; path = AppDelegate.swift; sourceTree = "<group>"; };
		2C670C1E2CAA7F940080B444 /* HomeViewController.swift */ = {isa = PBXFileReference; lastKnownFileType = sourcecode.swift; path = HomeViewController.swift; sourceTree = "<group>"; };
		2C670C212CAA7F940080B444 /* Base */ = {isa = PBXFileReference; lastKnownFileType = file.storyboard; name = Base; path = Base.lproj/Main.storyboard; sourceTree = "<group>"; };
		2C670C232CAA7F950080B444 /* Assets.xcassets */ = {isa = PBXFileReference; lastKnownFileType = folder.assetcatalog; path = Assets.xcassets; sourceTree = "<group>"; };
		2C670C262CAA7F950080B444 /* Base */ = {isa = PBXFileReference; lastKnownFileType = file.storyboard; name = Base; path = Base.lproj/LaunchScreen.storyboard; sourceTree = "<group>"; };
		2C670C282CAA7F950080B444 /* Info.plist */ = {isa = PBXFileReference; lastKnownFileType = text.plist.xml; path = Info.plist; sourceTree = "<group>"; };
		2C670C2D2CAA7F950080B444 /* RoomScan3DTests.xctest */ = {isa = PBXFileReference; explicitFileType = wrapper.cfbundle; includeInIndex = 0; path = RoomScan3DTests.xctest; sourceTree = BUILT_PRODUCTS_DIR; };
		2C670C312CAA7F950080B444 /* RoomScan3DTests.swift */ = {isa = PBXFileReference; lastKnownFileType = sourcecode.swift; path = RoomScan3DTests.swift; sourceTree = "<group>"; };
		2C670C372CAA7F950080B444 /* RoomScan3DUITests.xctest */ = {isa = PBXFileReference; explicitFileType = wrapper.cfbundle; includeInIndex = 0; path = RoomScan3DUITests.xctest; sourceTree = BUILT_PRODUCTS_DIR; };
		2C670C3B2CAA7F950080B444 /* RoomScan3DUITests.swift */ = {isa = PBXFileReference; lastKnownFileType = sourcecode.swift; path = RoomScan3DUITests.swift; sourceTree = "<group>"; };
		2C670C3D2CAA7F950080B444 /* RoomScan3DUITestsLaunchTests.swift */ = {isa = PBXFileReference; lastKnownFileType = sourcecode.swift; path = RoomScan3DUITestsLaunchTests.swift; sourceTree = "<group>"; };
		2C670C4B2CAA84AB0080B444 /* ScanViewController.swift */ = {isa = PBXFileReference; lastKnownFileType = sourcecode.swift; path = ScanViewController.swift; sourceTree = "<group>"; };
		2C670C4E2CB7CEA60080B444 /* ViewCell.xib */ = {isa = PBXFileReference; lastKnownFileType = file.xib; path = ViewCell.xib; sourceTree = "<group>"; };
		2C670C502CB7D15C0080B444 /* ViewCellController.swift */ = {isa = PBXFileReference; lastKnownFileType = sourcecode.swift; path = ViewCellController.swift; sourceTree = "<group>"; };
		2C670C532CB7D6460080B444 /* CaptureRoomData.swift */ = {isa = PBXFileReference; fileEncoding = 4; lastKnownFileType = sourcecode.swift; path = CaptureRoomData.swift; sourceTree = "<group>"; };
		329F7E82C8D595DF5B02DE5E /* Pods-RoomScan3DTests.debug.xcconfig */ = {isa = PBXFileReference; includeInIndex = 1; lastKnownFileType = text.xcconfig; name = "Pods-RoomScan3DTests.debug.xcconfig"; path = "Target Support Files/Pods-RoomScan3DTests/Pods-RoomScan3DTests.debug.xcconfig"; sourceTree = "<group>"; };
		44C814299348F7C9BD08FC20 /* Pods-RoomScan3D-RoomScan3DUITests.release.xcconfig */ = {isa = PBXFileReference; includeInIndex = 1; lastKnownFileType = text.xcconfig; name = "Pods-RoomScan3D-RoomScan3DUITests.release.xcconfig"; path = "Target Support Files/Pods-RoomScan3D-RoomScan3DUITests/Pods-RoomScan3D-RoomScan3DUITests.release.xcconfig"; sourceTree = "<group>"; };
		46525F0D8BBA3356B35A61C7 /* Pods_RoomScan3D.framework */ = {isa = PBXFileReference; explicitFileType = wrapper.framework; includeInIndex = 0; path = Pods_RoomScan3D.framework; sourceTree = BUILT_PRODUCTS_DIR; };
		56F5F961441A2FC2F779563E /* Pods-RoomScan3DTests.release.xcconfig */ = {isa = PBXFileReference; includeInIndex = 1; lastKnownFileType = text.xcconfig; name = "Pods-RoomScan3DTests.release.xcconfig"; path = "Target Support Files/Pods-RoomScan3DTests/Pods-RoomScan3DTests.release.xcconfig"; sourceTree = "<group>"; };
		794A604A42D7E800E25A74DF /* Pods_RoomScan3D_RoomScan3DUITests.framework */ = {isa = PBXFileReference; explicitFileType = wrapper.framework; includeInIndex = 0; path = Pods_RoomScan3D_RoomScan3DUITests.framework; sourceTree = BUILT_PRODUCTS_DIR; };
		843CAC512D11611600D88324 /* ExampleBasicContentView.swift */ = {isa = PBXFileReference; lastKnownFileType = sourcecode.swift; path = ExampleBasicContentView.swift; sourceTree = "<group>"; };
		843CAC532D11613200D88324 /* ExampleIrregularityBasicContentView.swift */ = {isa = PBXFileReference; lastKnownFileType = sourcecode.swift; path = ExampleIrregularityBasicContentView.swift; sourceTree = "<group>"; };
		843CAC552D1161A200D88324 /* UIColor+Extension.swift */ = {isa = PBXFileReference; lastKnownFileType = sourcecode.swift; path = "UIColor+Extension.swift"; sourceTree = "<group>"; };
		84AB07F62D11A5480099B35E /* FavouriteViewController.swift */ = {isa = PBXFileReference; lastKnownFileType = sourcecode.swift; path = FavouriteViewController.swift; sourceTree = "<group>"; };
		84AB07FA2D11A6150099B35E /* R.generated.swift */ = {isa = PBXFileReference; lastKnownFileType = sourcecode.swift; path = R.generated.swift; sourceTree = SOURCE_ROOT; };
		84AB07FC2D11AB640099B35E /* BaseViewController.swift */ = {isa = PBXFileReference; lastKnownFileType = sourcecode.swift; path = BaseViewController.swift; sourceTree = "<group>"; };
		84F768B02CB8CC6B005FBB2F /* Show3DViewController.swift */ = {isa = PBXFileReference; lastKnownFileType = sourcecode.swift; path = Show3DViewController.swift; sourceTree = "<group>"; };
		84F768B22CB8D000005FBB2F /* DrawParameters.swift */ = {isa = PBXFileReference; fileEncoding = 4; lastKnownFileType = sourcecode.swift; path = DrawParameters.swift; sourceTree = "<group>"; };
		84F768B32CB8D000005FBB2F /* FloorPlanObject.swift */ = {isa = PBXFileReference; fileEncoding = 4; lastKnownFileType = sourcecode.swift; path = FloorPlanObject.swift; sourceTree = "<group>"; };
		84F768B42CB8D000005FBB2F /* FloorPlanSurface.swift */ = {isa = PBXFileReference; fileEncoding = 4; lastKnownFileType = sourcecode.swift; path = FloorPlanSurface.swift; sourceTree = "<group>"; };
		84F768B92CB8D02B005FBB2F /* Show2DViewController.swift */ = {isa = PBXFileReference; lastKnownFileType = sourcecode.swift; path = Show2DViewController.swift; sourceTree = "<group>"; };
		84F768BC2CB8D109005FBB2F /* simd_float4x4+EulerAnglesAndPosition.swift */ = {isa = PBXFileReference; fileEncoding = 4; lastKnownFileType = sourcecode.swift; path = "simd_float4x4+EulerAnglesAndPosition.swift"; sourceTree = "<group>"; };
		84F768BD2CB8D109005FBB2F /* CGPoint+RotateAround.swift */ = {isa = PBXFileReference; fileEncoding = 4; lastKnownFileType = sourcecode.swift; path = "CGPoint+RotateAround.swift"; sourceTree = "<group>"; };
		84F768C02CB8D15E005FBB2F /* FloorShow2D.swift */ = {isa = PBXFileReference; lastKnownFileType = sourcecode.swift; path = FloorShow2D.swift; sourceTree = "<group>"; };
		84F768C32CBF96B3005FBB2F /* SettingViewController.swift */ = {isa = PBXFileReference; lastKnownFileType = sourcecode.swift; path = SettingViewController.swift; sourceTree = "<group>"; };
		84F768C62CBF979A005FBB2F /* Configs.swift */ = {isa = PBXFileReference; lastKnownFileType = sourcecode.swift; path = Configs.swift; sourceTree = "<group>"; };
		84F768C92CBF9937005FBB2F /* SettingCells.xib */ = {isa = PBXFileReference; fileEncoding = 4; lastKnownFileType = file.xib; path = SettingCells.xib; sourceTree = "<group>"; };
		84F768CA2CBF9937005FBB2F /* SettingCells.swift */ = {isa = PBXFileReference; fileEncoding = 4; lastKnownFileType = sourcecode.swift; path = SettingCells.swift; sourceTree = "<group>"; };
		84F768CD2CBF9F54005FBB2F /* UIViewController+Extension.swift */ = {isa = PBXFileReference; lastKnownFileType = sourcecode.swift; path = "UIViewController+Extension.swift"; sourceTree = "<group>"; };
		BA79989D0DFE0594CC0841BE /* Pods_RoomScan3DTests.framework */ = {isa = PBXFileReference; explicitFileType = wrapper.framework; includeInIndex = 0; path = Pods_RoomScan3DTests.framework; sourceTree = BUILT_PRODUCTS_DIR; };
		C6CE42398E28BC01F4C5A60B /* Pods-RoomScan3D.release.xcconfig */ = {isa = PBXFileReference; includeInIndex = 1; lastKnownFileType = text.xcconfig; name = "Pods-RoomScan3D.release.xcconfig"; path = "Target Support Files/Pods-RoomScan3D/Pods-RoomScan3D.release.xcconfig"; sourceTree = "<group>"; };
		E017816B62083D589725B5F6 /* Pods-RoomScan3D-RoomScan3DUITests.debug.xcconfig */ = {isa = PBXFileReference; includeInIndex = 1; lastKnownFileType = text.xcconfig; name = "Pods-RoomScan3D-RoomScan3DUITests.debug.xcconfig"; path = "Target Support Files/Pods-RoomScan3D-RoomScan3DUITests/Pods-RoomScan3D-RoomScan3DUITests.debug.xcconfig"; sourceTree = "<group>"; };
		F33EA800513336618215CFA2 /* Pods-RoomScan3D.debug.xcconfig */ = {isa = PBXFileReference; includeInIndex = 1; lastKnownFileType = text.xcconfig; name = "Pods-RoomScan3D.debug.xcconfig"; path = "Target Support Files/Pods-RoomScan3D/Pods-RoomScan3D.debug.xcconfig"; sourceTree = "<group>"; };
/* End PBXFileReference section */

/* Begin PBXFrameworksBuildPhase section */
		2C670C142CAA7F940080B444 /* Frameworks */ = {
			isa = PBXFrameworksBuildPhase;
			buildActionMask = 2147483647;
			files = (
				B67204EC11E08DC99BAE4A75 /* Pods_RoomScan3D.framework in Frameworks */,
			);
			runOnlyForDeploymentPostprocessing = 0;
		};
		2C670C2A2CAA7F950080B444 /* Frameworks */ = {
			isa = PBXFrameworksBuildPhase;
			buildActionMask = 2147483647;
			files = (
				431FFA7CE678406D847E0735 /* Pods_RoomScan3DTests.framework in Frameworks */,
			);
			runOnlyForDeploymentPostprocessing = 0;
		};
		2C670C342CAA7F950080B444 /* Frameworks */ = {
			isa = PBXFrameworksBuildPhase;
			buildActionMask = 2147483647;
			files = (
				91C32B83F1AE260F6AFE4D17 /* Pods_RoomScan3D_RoomScan3DUITests.framework in Frameworks */,
			);
			runOnlyForDeploymentPostprocessing = 0;
		};
/* End PBXFrameworksBuildPhase section */

/* Begin PBXGroup section */
		2C670C0E2CAA7F940080B444 = {
			isa = PBXGroup;
			children = (
				2C670C192CAA7F940080B444 /* RoomScan3D */,
				2C670C302CAA7F950080B444 /* RoomScan3DTests */,
				2C670C3A2CAA7F950080B444 /* RoomScan3DUITests */,
				2C670C182CAA7F940080B444 /* Products */,
				EEE098AABE5CBA37CF25F259 /* Pods */,
				95F639C78513C7A03E60A9BF /* Frameworks */,
			);
			sourceTree = "<group>";
		};
		2C670C182CAA7F940080B444 /* Products */ = {
			isa = PBXGroup;
			children = (
				2C670C172CAA7F940080B444 /* RoomScan3D.app */,
				2C670C2D2CAA7F950080B444 /* RoomScan3DTests.xctest */,
				2C670C372CAA7F950080B444 /* RoomScan3DUITests.xctest */,
			);
			name = Products;
			sourceTree = "<group>";
		};
		2C670C192CAA7F940080B444 /* RoomScan3D */ = {
			isa = PBXGroup;
			children = (
				843CAC502D1160F000D88324 /* Common */,
				84F768C52CBF9789005FBB2F /* Config */,
				84F768BB2CB8D109005FBB2F /* Extension */,
				2C670C522CB7D63D0080B444 /* Model */,
				2C670C4A2CAA84900080B444 /* Controller */,
				2C670C1A2CAA7F940080B444 /* AppDelegate.swift */,
				2C670C1E2CAA7F940080B444 /* HomeViewController.swift */,
				84AB07FA2D11A6150099B35E /* R.generated.swift */,
				2C670C202CAA7F940080B444 /* Main.storyboard */,
				2C670C232CAA7F950080B444 /* Assets.xcassets */,
				2C670C252CAA7F950080B444 /* LaunchScreen.storyboard */,
				2C670C282CAA7F950080B444 /* Info.plist */,
			);
			path = RoomScan3D;
			sourceTree = "<group>";
		};
		2C670C302CAA7F950080B444 /* RoomScan3DTests */ = {
			isa = PBXGroup;
			children = (
				2C670C312CAA7F950080B444 /* RoomScan3DTests.swift */,
			);
			path = RoomScan3DTests;
			sourceTree = "<group>";
		};
		2C670C3A2CAA7F950080B444 /* RoomScan3DUITests */ = {
			isa = PBXGroup;
			children = (
				2C670C3B2CAA7F950080B444 /* RoomScan3DUITests.swift */,
				2C670C3D2CAA7F950080B444 /* RoomScan3DUITestsLaunchTests.swift */,
			);
			path = RoomScan3DUITests;
			sourceTree = "<group>";
		};
		2C670C4A2CAA84900080B444 /* Controller */ = {
			isa = PBXGroup;
			children = (
				84AB07F52D11A5280099B35E /* Favourite */,
				84F768C22CBF969F005FBB2F /* Setting */,
				84F768B82CB8D019005FBB2F /* 2D */,
				84F768AF2CB8CC59005FBB2F /* 3D */,
				2C670C4D2CB7CE8E0080B444 /* Cell */,
				2C670C4B2CAA84AB0080B444 /* ScanViewController.swift */,
			);
			path = Controller;
			sourceTree = "<group>";
		};
		2C670C4D2CB7CE8E0080B444 /* Cell */ = {
			isa = PBXGroup;
			children = (
				2C670C4E2CB7CEA60080B444 /* ViewCell.xib */,
				2C670C502CB7D15C0080B444 /* ViewCellController.swift */,
			);
			path = Cell;
			sourceTree = "<group>";
		};
		2C670C522CB7D63D0080B444 /* Model */ = {
			isa = PBXGroup;
			children = (
				84F768B22CB8D000005FBB2F /* DrawParameters.swift */,
				84F768B32CB8D000005FBB2F /* FloorPlanObject.swift */,
				84F768B42CB8D000005FBB2F /* FloorPlanSurface.swift */,
				2C670C532CB7D6460080B444 /* CaptureRoomData.swift */,
			);
			path = Model;
			sourceTree = "<group>";
		};
		843CAC502D1160F000D88324 /* Common */ = {
			isa = PBXGroup;
			children = (
				843CAC512D11611600D88324 /* ExampleBasicContentView.swift */,
				843CAC532D11613200D88324 /* ExampleIrregularityBasicContentView.swift */,
				84AB07FC2D11AB640099B35E /* BaseViewController.swift */,
			);
			path = Common;
			sourceTree = "<group>";
		};
		84AB07F52D11A5280099B35E /* Favourite */ = {
			isa = PBXGroup;
			children = (
				84AB07F62D11A5480099B35E /* FavouriteViewController.swift */,
			);
			path = Favourite;
			sourceTree = "<group>";
		};
		84F768AF2CB8CC59005FBB2F /* 3D */ = {
			isa = PBXGroup;
			children = (
				84F768B02CB8CC6B005FBB2F /* Show3DViewController.swift */,
			);
			path = 3D;
			sourceTree = "<group>";
		};
		84F768B82CB8D019005FBB2F /* 2D */ = {
			isa = PBXGroup;
			children = (
				84F768B92CB8D02B005FBB2F /* Show2DViewController.swift */,
				84F768C02CB8D15E005FBB2F /* FloorShow2D.swift */,
			);
			path = 2D;
			sourceTree = "<group>";
		};
		84F768BB2CB8D109005FBB2F /* Extension */ = {
			isa = PBXGroup;
			children = (
				84F768BC2CB8D109005FBB2F /* simd_float4x4+EulerAnglesAndPosition.swift */,
				84F768BD2CB8D109005FBB2F /* CGPoint+RotateAround.swift */,
				84F768CD2CBF9F54005FBB2F /* UIViewController+Extension.swift */,
				843CAC552D1161A200D88324 /* UIColor+Extension.swift */,
			);
			path = Extension;
			sourceTree = "<group>";
		};
		84F768C22CBF969F005FBB2F /* Setting */ = {
			isa = PBXGroup;
			children = (
				84F768C82CBF98F7005FBB2F /* Cell */,
				84F768C32CBF96B3005FBB2F /* SettingViewController.swift */,
			);
			path = Setting;
			sourceTree = "<group>";
		};
		84F768C52CBF9789005FBB2F /* Config */ = {
			isa = PBXGroup;
			children = (
				84F768C62CBF979A005FBB2F /* Configs.swift */,
			);
			path = Config;
			sourceTree = "<group>";
		};
		84F768C82CBF98F7005FBB2F /* Cell */ = {
			isa = PBXGroup;
			children = (
				84F768CA2CBF9937005FBB2F /* SettingCells.swift */,
				84F768C92CBF9937005FBB2F /* SettingCells.xib */,
			);
			path = Cell;
			sourceTree = "<group>";
		};
		95F639C78513C7A03E60A9BF /* Frameworks */ = {
			isa = PBXGroup;
			children = (
				46525F0D8BBA3356B35A61C7 /* Pods_RoomScan3D.framework */,
				794A604A42D7E800E25A74DF /* Pods_RoomScan3D_RoomScan3DUITests.framework */,
				BA79989D0DFE0594CC0841BE /* Pods_RoomScan3DTests.framework */,
			);
			name = Frameworks;
			sourceTree = "<group>";
		};
		EEE098AABE5CBA37CF25F259 /* Pods */ = {
			isa = PBXGroup;
			children = (
				F33EA800513336618215CFA2 /* Pods-RoomScan3D.debug.xcconfig */,
				C6CE42398E28BC01F4C5A60B /* Pods-RoomScan3D.release.xcconfig */,
				E017816B62083D589725B5F6 /* Pods-RoomScan3D-RoomScan3DUITests.debug.xcconfig */,
				44C814299348F7C9BD08FC20 /* Pods-RoomScan3D-RoomScan3DUITests.release.xcconfig */,
				329F7E82C8D595DF5B02DE5E /* Pods-RoomScan3DTests.debug.xcconfig */,
				56F5F961441A2FC2F779563E /* Pods-RoomScan3DTests.release.xcconfig */,
			);
			path = Pods;
			sourceTree = "<group>";
		};
/* End PBXGroup section */

/* Begin PBXNativeTarget section */
		2C670C162CAA7F940080B444 /* RoomScan3D */ = {
			isa = PBXNativeTarget;
			buildConfigurationList = 2C670C412CAA7F950080B444 /* Build configuration list for PBXNativeTarget "RoomScan3D" */;
			buildPhases = (
				C60F04C4C66DE5CB4F411C36 /* [CP] Check Pods Manifest.lock */,
				84AB07F02D1165CE0099B35E /* ShellScript */,
				2C670C132CAA7F940080B444 /* Sources */,
				2C670C142CAA7F940080B444 /* Frameworks */,
				2C670C152CAA7F940080B444 /* Resources */,
				9857A2F60103263DFE9B99FB /* [CP] Embed Pods Frameworks */,
			);
			buildRules = (
			);
			dependencies = (
			);
			name = RoomScan3D;
			productName = RoomScan3D;
			productReference = 2C670C172CAA7F940080B444 /* RoomScan3D.app */;
			productType = "com.apple.product-type.application";
		};
		2C670C2C2CAA7F950080B444 /* RoomScan3DTests */ = {
			isa = PBXNativeTarget;
			buildConfigurationList = 2C670C442CAA7F950080B444 /* Build configuration list for PBXNativeTarget "RoomScan3DTests" */;
			buildPhases = (
				335F72A460105DD466862E24 /* [CP] Check Pods Manifest.lock */,
				2C670C292CAA7F950080B444 /* Sources */,
				2C670C2A2CAA7F950080B444 /* Frameworks */,
				2C670C2B2CAA7F950080B444 /* Resources */,
			);
			buildRules = (
			);
			dependencies = (
				2C670C2F2CAA7F950080B444 /* PBXTargetDependency */,
			);
			name = RoomScan3DTests;
			productName = RoomScan3DTests;
			productReference = 2C670C2D2CAA7F950080B444 /* RoomScan3DTests.xctest */;
			productType = "com.apple.product-type.bundle.unit-test";
		};
		2C670C362CAA7F950080B444 /* RoomScan3DUITests */ = {
			isa = PBXNativeTarget;
			buildConfigurationList = 2C670C472CAA7F950080B444 /* Build configuration list for PBXNativeTarget "RoomScan3DUITests" */;
			buildPhases = (
				17C3031F3DA4335DA4A8403B /* [CP] Check Pods Manifest.lock */,
				2C670C332CAA7F950080B444 /* Sources */,
				2C670C342CAA7F950080B444 /* Frameworks */,
				2C670C352CAA7F950080B444 /* Resources */,
				6D9962DE1527908C3AF56537 /* [CP] Embed Pods Frameworks */,
			);
			buildRules = (
			);
			dependencies = (
				2C670C392CAA7F950080B444 /* PBXTargetDependency */,
			);
			name = RoomScan3DUITests;
			productName = RoomScan3DUITests;
			productReference = 2C670C372CAA7F950080B444 /* RoomScan3DUITests.xctest */;
			productType = "com.apple.product-type.bundle.ui-testing";
		};
/* End PBXNativeTarget section */

/* Begin PBXProject section */
		2C670C0F2CAA7F940080B444 /* Project object */ = {
			isa = PBXProject;
			attributes = {
				BuildIndependentTargetsInParallel = 1;
				LastSwiftUpdateCheck = 1500;
				LastUpgradeCheck = 1500;
				TargetAttributes = {
					2C670C162CAA7F940080B444 = {
						CreatedOnToolsVersion = 15.0.1;
					};
					2C670C2C2CAA7F950080B444 = {
						CreatedOnToolsVersion = 15.0.1;
						TestTargetID = 2C670C162CAA7F940080B444;
					};
					2C670C362CAA7F950080B444 = {
						CreatedOnToolsVersion = 15.0.1;
						TestTargetID = 2C670C162CAA7F940080B444;
					};
				};
			};
			buildConfigurationList = 2C670C122CAA7F940080B444 /* Build configuration list for PBXProject "RoomScan3D" */;
			compatibilityVersion = "Xcode 14.0";
			developmentRegion = en;
			hasScannedForEncodings = 0;
			knownRegions = (
				en,
				Base,
			);
			mainGroup = 2C670C0E2CAA7F940080B444;
			productRefGroup = 2C670C182CAA7F940080B444 /* Products */;
			projectDirPath = "";
			projectRoot = "";
			targets = (
				2C670C162CAA7F940080B444 /* RoomScan3D */,
				2C670C2C2CAA7F950080B444 /* RoomScan3DTests */,
				2C670C362CAA7F950080B444 /* RoomScan3DUITests */,
			);
		};
/* End PBXProject section */

/* Begin PBXResourcesBuildPhase section */
		2C670C152CAA7F940080B444 /* Resources */ = {
			isa = PBXResourcesBuildPhase;
			buildActionMask = 2147483647;
			files = (
				2C670C4F2CB7CEA60080B444 /* ViewCell.xib in Resources */,
				84F768CB2CBF9937005FBB2F /* SettingCells.xib in Resources */,
				2C670C272CAA7F950080B444 /* LaunchScreen.storyboard in Resources */,
				2C670C242CAA7F950080B444 /* Assets.xcassets in Resources */,
				2C670C222CAA7F940080B444 /* Main.storyboard in Resources */,
			);
			runOnlyForDeploymentPostprocessing = 0;
		};
		2C670C2B2CAA7F950080B444 /* Resources */ = {
			isa = PBXResourcesBuildPhase;
			buildActionMask = 2147483647;
			files = (
			);
			runOnlyForDeploymentPostprocessing = 0;
		};
		2C670C352CAA7F950080B444 /* Resources */ = {
			isa = PBXResourcesBuildPhase;
			buildActionMask = 2147483647;
			files = (
			);
			runOnlyForDeploymentPostprocessing = 0;
		};
/* End PBXResourcesBuildPhase section */

/* Begin PBXShellScriptBuildPhase section */
		17C3031F3DA4335DA4A8403B /* [CP] Check Pods Manifest.lock */ = {
			isa = PBXShellScriptBuildPhase;
			buildActionMask = 2147483647;
			files = (
			);
			inputFileListPaths = (
			);
			inputPaths = (
				"${PODS_PODFILE_DIR_PATH}/Podfile.lock",
				"${PODS_ROOT}/Manifest.lock",
			);
			name = "[CP] Check Pods Manifest.lock";
			outputFileListPaths = (
			);
			outputPaths = (
				"$(DERIVED_FILE_DIR)/Pods-RoomScan3D-RoomScan3DUITests-checkManifestLockResult.txt",
			);
			runOnlyForDeploymentPostprocessing = 0;
			shellPath = /bin/sh;
			shellScript = "diff \"${PODS_PODFILE_DIR_PATH}/Podfile.lock\" \"${PODS_ROOT}/Manifest.lock\" > /dev/null\nif [ $? != 0 ] ; then\n    # print error to STDERR\n    echo \"error: The sandbox is not in sync with the Podfile.lock. Run 'pod install' or update your CocoaPods installation.\" >&2\n    exit 1\nfi\n# This output is used by Xcode 'outputs' to avoid re-running this script phase.\necho \"SUCCESS\" > \"${SCRIPT_OUTPUT_FILE_0}\"\n";
			showEnvVarsInLog = 0;
		};
		335F72A460105DD466862E24 /* [CP] Check Pods Manifest.lock */ = {
			isa = PBXShellScriptBuildPhase;
			buildActionMask = 2147483647;
			files = (
			);
			inputFileListPaths = (
			);
			inputPaths = (
				"${PODS_PODFILE_DIR_PATH}/Podfile.lock",
				"${PODS_ROOT}/Manifest.lock",
			);
			name = "[CP] Check Pods Manifest.lock";
			outputFileListPaths = (
			);
			outputPaths = (
				"$(DERIVED_FILE_DIR)/Pods-RoomScan3DTests-checkManifestLockResult.txt",
			);
			runOnlyForDeploymentPostprocessing = 0;
			shellPath = /bin/sh;
			shellScript = "diff \"${PODS_PODFILE_DIR_PATH}/Podfile.lock\" \"${PODS_ROOT}/Manifest.lock\" > /dev/null\nif [ $? != 0 ] ; then\n    # print error to STDERR\n    echo \"error: The sandbox is not in sync with the Podfile.lock. Run 'pod install' or update your CocoaPods installation.\" >&2\n    exit 1\nfi\n# This output is used by Xcode 'outputs' to avoid re-running this script phase.\necho \"SUCCESS\" > \"${SCRIPT_OUTPUT_FILE_0}\"\n";
			showEnvVarsInLog = 0;
		};
		6D9962DE1527908C3AF56537 /* [CP] Embed Pods Frameworks */ = {
			isa = PBXShellScriptBuildPhase;
			buildActionMask = 2147483647;
			files = (
			);
			inputFileListPaths = (
				"${PODS_ROOT}/Target Support Files/Pods-RoomScan3D-RoomScan3DUITests/Pods-RoomScan3D-RoomScan3DUITests-frameworks-${CONFIGURATION}-input-files.xcfilelist",
			);
			name = "[CP] Embed Pods Frameworks";
			outputFileListPaths = (
				"${PODS_ROOT}/Target Support Files/Pods-RoomScan3D-RoomScan3DUITests/Pods-RoomScan3D-RoomScan3DUITests-frameworks-${CONFIGURATION}-output-files.xcfilelist",
			);
			runOnlyForDeploymentPostprocessing = 0;
			shellPath = /bin/sh;
			shellScript = "\"${PODS_ROOT}/Target Support Files/Pods-RoomScan3D-RoomScan3DUITests/Pods-RoomScan3D-RoomScan3DUITests-frameworks.sh\"\n";
			showEnvVarsInLog = 0;
		};
		84AB07F02D1165CE0099B35E /* ShellScript */ = {
			isa = PBXShellScriptBuildPhase;
			alwaysOutOfDate = 1;
			buildActionMask = 2147483647;
			files = (
			);
			inputFileListPaths = (
			);
			inputPaths = (
			);
			outputFileListPaths = (
			);
			outputPaths = (
				$SRCROOT/R.generated.swift,
			);
			runOnlyForDeploymentPostprocessing = 0;
			shellPath = /bin/sh;
			shellScript = "\"$PODS_ROOT/R.swift/rswift\" generate \"$SRCROOT/R.generated.swift\"\n";
		};
		9857A2F60103263DFE9B99FB /* [CP] Embed Pods Frameworks */ = {
			isa = PBXShellScriptBuildPhase;
			buildActionMask = 2147483647;
			files = (
			);
			inputFileListPaths = (
				"${PODS_ROOT}/Target Support Files/Pods-RoomScan3D/Pods-RoomScan3D-frameworks-${CONFIGURATION}-input-files.xcfilelist",
			);
			name = "[CP] Embed Pods Frameworks";
			outputFileListPaths = (
				"${PODS_ROOT}/Target Support Files/Pods-RoomScan3D/Pods-RoomScan3D-frameworks-${CONFIGURATION}-output-files.xcfilelist",
			);
			runOnlyForDeploymentPostprocessing = 0;
			shellPath = /bin/sh;
			shellScript = "\"${PODS_ROOT}/Target Support Files/Pods-RoomScan3D/Pods-RoomScan3D-frameworks.sh\"\n";
			showEnvVarsInLog = 0;
		};
		C60F04C4C66DE5CB4F411C36 /* [CP] Check Pods Manifest.lock */ = {
			isa = PBXShellScriptBuildPhase;
			buildActionMask = 2147483647;
			files = (
			);
			inputFileListPaths = (
			);
			inputPaths = (
				"${PODS_PODFILE_DIR_PATH}/Podfile.lock",
				"${PODS_ROOT}/Manifest.lock",
			);
			name = "[CP] Check Pods Manifest.lock";
			outputFileListPaths = (
			);
			outputPaths = (
				"$(DERIVED_FILE_DIR)/Pods-RoomScan3D-checkManifestLockResult.txt",
			);
			runOnlyForDeploymentPostprocessing = 0;
			shellPath = /bin/sh;
			shellScript = "diff \"${PODS_PODFILE_DIR_PATH}/Podfile.lock\" \"${PODS_ROOT}/Manifest.lock\" > /dev/null\nif [ $? != 0 ] ; then\n    # print error to STDERR\n    echo \"error: The sandbox is not in sync with the Podfile.lock. Run 'pod install' or update your CocoaPods installation.\" >&2\n    exit 1\nfi\n# This output is used by Xcode 'outputs' to avoid re-running this script phase.\necho \"SUCCESS\" > \"${SCRIPT_OUTPUT_FILE_0}\"\n";
			showEnvVarsInLog = 0;
		};
/* End PBXShellScriptBuildPhase section */

/* Begin PBXSourcesBuildPhase section */
		2C670C132CAA7F940080B444 /* Sources */ = {
			isa = PBXSourcesBuildPhase;
			buildActionMask = 2147483647;
			files = (
				843CAC562D1161A200D88324 /* UIColor+Extension.swift in Sources */,
				84F768CE2CBF9F54005FBB2F /* UIViewController+Extension.swift in Sources */,
				84AB07F72D11A5480099B35E /* FavouriteViewController.swift in Sources */,
				84AB07FD2D11AB640099B35E /* BaseViewController.swift in Sources */,
				84F768CC2CBF9937005FBB2F /* SettingCells.swift in Sources */,
				84F768B62CB8D000005FBB2F /* FloorPlanObject.swift in Sources */,
				84F768C72CBF979A005FBB2F /* Configs.swift in Sources */,
				84F768BE2CB8D109005FBB2F /* simd_float4x4+EulerAnglesAndPosition.swift in Sources */,
				2C670C512CB7D15C0080B444 /* ViewCellController.swift in Sources */,
				84F768C12CB8D15E005FBB2F /* FloorShow2D.swift in Sources */,
				84AB07FB2D11A6150099B35E /* R.generated.swift in Sources */,
				84F768BA2CB8D02B005FBB2F /* Show2DViewController.swift in Sources */,
				843CAC522D11611600D88324 /* ExampleBasicContentView.swift in Sources */,
				84F768C42CBF96B3005FBB2F /* SettingViewController.swift in Sources */,
				84F768B52CB8D000005FBB2F /* DrawParameters.swift in Sources */,
				843CAC542D11613200D88324 /* ExampleIrregularityBasicContentView.swift in Sources */,
				2C670C1F2CAA7F940080B444 /* HomeViewController.swift in Sources */,
				84F768BF2CB8D109005FBB2F /* CGPoint+RotateAround.swift in Sources */,
				2C670C1B2CAA7F940080B444 /* AppDelegate.swift in Sources */,
				84F768B72CB8D000005FBB2F /* FloorPlanSurface.swift in Sources */,
				2C670C4C2CAA84AB0080B444 /* ScanViewController.swift in Sources */,
				2C670C542CB7D6460080B444 /* CaptureRoomData.swift in Sources */,
				84F768B12CB8CC6B005FBB2F /* Show3DViewController.swift in Sources */,
			);
			runOnlyForDeploymentPostprocessing = 0;
		};
		2C670C292CAA7F950080B444 /* Sources */ = {
			isa = PBXSourcesBuildPhase;
			buildActionMask = 2147483647;
			files = (
				2C670C322CAA7F950080B444 /* RoomScan3DTests.swift in Sources */,
			);
			runOnlyForDeploymentPostprocessing = 0;
		};
		2C670C332CAA7F950080B444 /* Sources */ = {
			isa = PBXSourcesBuildPhase;
			buildActionMask = 2147483647;
			files = (
				2C670C3C2CAA7F950080B444 /* RoomScan3DUITests.swift in Sources */,
				2C670C3E2CAA7F950080B444 /* RoomScan3DUITestsLaunchTests.swift in Sources */,
			);
			runOnlyForDeploymentPostprocessing = 0;
		};
/* End PBXSourcesBuildPhase section */

/* Begin PBXTargetDependency section */
		2C670C2F2CAA7F950080B444 /* PBXTargetDependency */ = {
			isa = PBXTargetDependency;
			target = 2C670C162CAA7F940080B444 /* RoomScan3D */;
			targetProxy = 2C670C2E2CAA7F950080B444 /* PBXContainerItemProxy */;
		};
		2C670C392CAA7F950080B444 /* PBXTargetDependency */ = {
			isa = PBXTargetDependency;
			target = 2C670C162CAA7F940080B444 /* RoomScan3D */;
			targetProxy = 2C670C382CAA7F950080B444 /* PBXContainerItemProxy */;
		};
/* End PBXTargetDependency section */

/* Begin PBXVariantGroup section */
		2C670C202CAA7F940080B444 /* Main.storyboard */ = {
			isa = PBXVariantGroup;
			children = (
				2C670C212CAA7F940080B444 /* Base */,
			);
			name = Main.storyboard;
			sourceTree = "<group>";
		};
		2C670C252CAA7F950080B444 /* LaunchScreen.storyboard */ = {
			isa = PBXVariantGroup;
			children = (
				2C670C262CAA7F950080B444 /* Base */,
			);
			name = LaunchScreen.storyboard;
			sourceTree = "<group>";
		};
/* End PBXVariantGroup section */

/* Begin XCBuildConfiguration section */
		2C670C3F2CAA7F950080B444 /* Debug */ = {
			isa = XCBuildConfiguration;
			buildSettings = {
				ALWAYS_SEARCH_USER_PATHS = NO;
				ASSETCATALOG_COMPILER_GENERATE_SWIFT_ASSET_SYMBOL_EXTENSIONS = YES;
				CLANG_ANALYZER_NONNULL = YES;
				CLANG_ANALYZER_NUMBER_OBJECT_CONVERSION = YES_AGGRESSIVE;
				CLANG_CXX_LANGUAGE_STANDARD = "gnu++20";
				CLANG_ENABLE_MODULES = YES;
				CLANG_ENABLE_OBJC_ARC = YES;
				CLANG_ENABLE_OBJC_WEAK = YES;
				CLANG_WARN_BLOCK_CAPTURE_AUTORELEASING = YES;
				CLANG_WARN_BOOL_CONVERSION = YES;
				CLANG_WARN_COMMA = YES;
				CLANG_WARN_CONSTANT_CONVERSION = YES;
				CLANG_WARN_DEPRECATED_OBJC_IMPLEMENTATIONS = YES;
				CLANG_WARN_DIRECT_OBJC_ISA_USAGE = YES_ERROR;
				CLANG_WARN_DOCUMENTATION_COMMENTS = YES;
				CLANG_WARN_EMPTY_BODY = YES;
				CLANG_WARN_ENUM_CONVERSION = YES;
				CLANG_WARN_INFINITE_RECURSION = YES;
				CLANG_WARN_INT_CONVERSION = YES;
				CLANG_WARN_NON_LITERAL_NULL_CONVERSION = YES;
				CLANG_WARN_OBJC_IMPLICIT_RETAIN_SELF = YES;
				CLANG_WARN_OBJC_LITERAL_CONVERSION = YES;
				CLANG_WARN_OBJC_ROOT_CLASS = YES_ERROR;
				CLANG_WARN_QUOTED_INCLUDE_IN_FRAMEWORK_HEADER = YES;
				CLANG_WARN_RANGE_LOOP_ANALYSIS = YES;
				CLANG_WARN_STRICT_PROTOTYPES = YES;
				CLANG_WARN_SUSPICIOUS_MOVE = YES;
				CLANG_WARN_UNGUARDED_AVAILABILITY = YES_AGGRESSIVE;
				CLANG_WARN_UNREACHABLE_CODE = YES;
				CLANG_WARN__DUPLICATE_METHOD_MATCH = YES;
				COPY_PHASE_STRIP = NO;
				DEBUG_INFORMATION_FORMAT = dwarf;
				ENABLE_STRICT_OBJC_MSGSEND = YES;
				ENABLE_TESTABILITY = YES;
				ENABLE_USER_SCRIPT_SANDBOXING = YES;
				GCC_C_LANGUAGE_STANDARD = gnu17;
				GCC_DYNAMIC_NO_PIC = NO;
				GCC_NO_COMMON_BLOCKS = YES;
				GCC_OPTIMIZATION_LEVEL = 0;
				GCC_PREPROCESSOR_DEFINITIONS = (
					"DEBUG=1",
					"$(inherited)",
				);
				GCC_WARN_64_TO_32_BIT_CONVERSION = YES;
				GCC_WARN_ABOUT_RETURN_TYPE = YES_ERROR;
				GCC_WARN_UNDECLARED_SELECTOR = YES;
				GCC_WARN_UNINITIALIZED_AUTOS = YES_AGGRESSIVE;
				GCC_WARN_UNUSED_FUNCTION = YES;
				GCC_WARN_UNUSED_VARIABLE = YES;
				IPHONEOS_DEPLOYMENT_TARGET = 17.0;
				LOCALIZATION_PREFERS_STRING_CATALOGS = YES;
				MTL_ENABLE_DEBUG_INFO = INCLUDE_SOURCE;
				MTL_FAST_MATH = YES;
				ONLY_ACTIVE_ARCH = YES;
				SDKROOT = iphoneos;
				SWIFT_ACTIVE_COMPILATION_CONDITIONS = "DEBUG $(inherited)";
				SWIFT_OPTIMIZATION_LEVEL = "-Onone";
			};
			name = Debug;
		};
		2C670C402CAA7F950080B444 /* Release */ = {
			isa = XCBuildConfiguration;
			buildSettings = {
				ALWAYS_SEARCH_USER_PATHS = NO;
				ASSETCATALOG_COMPILER_GENERATE_SWIFT_ASSET_SYMBOL_EXTENSIONS = YES;
				CLANG_ANALYZER_NONNULL = YES;
				CLANG_ANALYZER_NUMBER_OBJECT_CONVERSION = YES_AGGRESSIVE;
				CLANG_CXX_LANGUAGE_STANDARD = "gnu++20";
				CLANG_ENABLE_MODULES = YES;
				CLANG_ENABLE_OBJC_ARC = YES;
				CLANG_ENABLE_OBJC_WEAK = YES;
				CLANG_WARN_BLOCK_CAPTURE_AUTORELEASING = YES;
				CLANG_WARN_BOOL_CONVERSION = YES;
				CLANG_WARN_COMMA = YES;
				CLANG_WARN_CONSTANT_CONVERSION = YES;
				CLANG_WARN_DEPRECATED_OBJC_IMPLEMENTATIONS = YES;
				CLANG_WARN_DIRECT_OBJC_ISA_USAGE = YES_ERROR;
				CLANG_WARN_DOCUMENTATION_COMMENTS = YES;
				CLANG_WARN_EMPTY_BODY = YES;
				CLANG_WARN_ENUM_CONVERSION = YES;
				CLANG_WARN_INFINITE_RECURSION = YES;
				CLANG_WARN_INT_CONVERSION = YES;
				CLANG_WARN_NON_LITERAL_NULL_CONVERSION = YES;
				CLANG_WARN_OBJC_IMPLICIT_RETAIN_SELF = YES;
				CLANG_WARN_OBJC_LITERAL_CONVERSION = YES;
				CLANG_WARN_OBJC_ROOT_CLASS = YES_ERROR;
				CLANG_WARN_QUOTED_INCLUDE_IN_FRAMEWORK_HEADER = YES;
				CLANG_WARN_RANGE_LOOP_ANALYSIS = YES;
				CLANG_WARN_STRICT_PROTOTYPES = YES;
				CLANG_WARN_SUSPICIOUS_MOVE = YES;
				CLANG_WARN_UNGUARDED_AVAILABILITY = YES_AGGRESSIVE;
				CLANG_WARN_UNREACHABLE_CODE = YES;
				CLANG_WARN__DUPLICATE_METHOD_MATCH = YES;
				COPY_PHASE_STRIP = NO;
				DEBUG_INFORMATION_FORMAT = "dwarf-with-dsym";
				ENABLE_NS_ASSERTIONS = NO;
				ENABLE_STRICT_OBJC_MSGSEND = YES;
				ENABLE_USER_SCRIPT_SANDBOXING = YES;
				GCC_C_LANGUAGE_STANDARD = gnu17;
				GCC_NO_COMMON_BLOCKS = YES;
				GCC_WARN_64_TO_32_BIT_CONVERSION = YES;
				GCC_WARN_ABOUT_RETURN_TYPE = YES_ERROR;
				GCC_WARN_UNDECLARED_SELECTOR = YES;
				GCC_WARN_UNINITIALIZED_AUTOS = YES_AGGRESSIVE;
				GCC_WARN_UNUSED_FUNCTION = YES;
				GCC_WARN_UNUSED_VARIABLE = YES;
				IPHONEOS_DEPLOYMENT_TARGET = 17.0;
				LOCALIZATION_PREFERS_STRING_CATALOGS = YES;
				MTL_ENABLE_DEBUG_INFO = NO;
				MTL_FAST_MATH = YES;
				SDKROOT = iphoneos;
				SWIFT_COMPILATION_MODE = wholemodule;
				VALIDATE_PRODUCT = YES;
			};
			name = Release;
		};
		2C670C422CAA7F950080B444 /* Debug */ = {
			isa = XCBuildConfiguration;
			baseConfigurationReference = F33EA800513336618215CFA2 /* Pods-RoomScan3D.debug.xcconfig */;
			buildSettings = {
				ASSETCATALOG_COMPILER_APPICON_NAME = AppIcon;
				ASSETCATALOG_COMPILER_GLOBAL_ACCENT_COLOR_NAME = AccentColor;
				CODE_SIGN_STYLE = Automatic;
				CURRENT_PROJECT_VERSION = 1;
				DEVELOPMENT_TEAM = 3GPST9Y96G;
				ENABLE_USER_SCRIPT_SANDBOXING = NO;
				GENERATE_INFOPLIST_FILE = YES;
				INFOPLIST_FILE = RoomScan3D/Info.plist;
				INFOPLIST_KEY_NSCameraUsageDescription = "To take camera and detect rooms";
				INFOPLIST_KEY_NSUserTrackingUsageDescription = "This allows us to deliver personalized experience for you.";
				INFOPLIST_KEY_UIApplicationSupportsIndirectInputEvents = YES;
				INFOPLIST_KEY_UILaunchStoryboardName = LaunchScreen;
				INFOPLIST_KEY_UIMainStoryboardFile = Main;
				INFOPLIST_KEY_UISupportedInterfaceOrientations_iPad = "UIInterfaceOrientationPortrait UIInterfaceOrientationPortraitUpsideDown UIInterfaceOrientationLandscapeLeft UIInterfaceOrientationLandscapeRight";
				INFOPLIST_KEY_UISupportedInterfaceOrientations_iPhone = "UIInterfaceOrientationPortrait UIInterfaceOrientationLandscapeLeft UIInterfaceOrientationLandscapeRight";
				INFOPLIST_KEY_UIUserInterfaceStyle = Light;
				IPHONEOS_DEPLOYMENT_TARGET = 17.0;
				LD_RUNPATH_SEARCH_PATHS = (
					"$(inherited)",
					"@executable_path/Frameworks",
				);
				MARKETING_VERSION = 1.0;
				PRODUCT_BUNDLE_IDENTIFIER = hieumy.vuong.RoomScan3D1;
				PRODUCT_NAME = "$(TARGET_NAME)";
				SWIFT_EMIT_LOC_STRINGS = YES;
				SWIFT_VERSION = 5.0;
				TARGETED_DEVICE_FAMILY = "1,2";
			};
			name = Debug;
		};
		2C670C432CAA7F950080B444 /* Release */ = {
			isa = XCBuildConfiguration;
			baseConfigurationReference = C6CE42398E28BC01F4C5A60B /* Pods-RoomScan3D.release.xcconfig */;
			buildSettings = {
				ASSETCATALOG_COMPILER_APPICON_NAME = AppIcon;
				ASSETCATALOG_COMPILER_GLOBAL_ACCENT_COLOR_NAME = AccentColor;
				CODE_SIGN_STYLE = Automatic;
				CURRENT_PROJECT_VERSION = 1;
				DEVELOPMENT_TEAM = 3GPST9Y96G;
				ENABLE_USER_SCRIPT_SANDBOXING = NO;
				GENERATE_INFOPLIST_FILE = YES;
				INFOPLIST_FILE = RoomScan3D/Info.plist;
				INFOPLIST_KEY_NSCameraUsageDescription = "To take camera and detect rooms";
				INFOPLIST_KEY_NSUserTrackingUsageDescription = "This allows us to deliver personalized experience for you.";
				INFOPLIST_KEY_UIApplicationSupportsIndirectInputEvents = YES;
				INFOPLIST_KEY_UILaunchStoryboardName = LaunchScreen;
				INFOPLIST_KEY_UIMainStoryboardFile = Main;
				INFOPLIST_KEY_UISupportedInterfaceOrientations_iPad = "UIInterfaceOrientationPortrait UIInterfaceOrientationPortraitUpsideDown UIInterfaceOrientationLandscapeLeft UIInterfaceOrientationLandscapeRight";
				INFOPLIST_KEY_UISupportedInterfaceOrientations_iPhone = "UIInterfaceOrientationPortrait UIInterfaceOrientationLandscapeLeft UIInterfaceOrientationLandscapeRight";
				INFOPLIST_KEY_UIUserInterfaceStyle = Light;
				IPHONEOS_DEPLOYMENT_TARGET = 17.0;
				LD_RUNPATH_SEARCH_PATHS = (
					"$(inherited)",
					"@executable_path/Frameworks",
				);
				MARKETING_VERSION = 1.0;
				PRODUCT_BUNDLE_IDENTIFIER = hieumy.vuong.RoomScan3D1;
				PRODUCT_NAME = "$(TARGET_NAME)";
				SWIFT_EMIT_LOC_STRINGS = YES;
				SWIFT_VERSION = 5.0;
				TARGETED_DEVICE_FAMILY = "1,2";
			};
			name = Release;
		};
		2C670C452CAA7F950080B444 /* Debug */ = {
			isa = XCBuildConfiguration;
			baseConfigurationReference = 329F7E82C8D595DF5B02DE5E /* Pods-RoomScan3DTests.debug.xcconfig */;
			buildSettings = {
				ALWAYS_EMBED_SWIFT_STANDARD_LIBRARIES = YES;
				BUNDLE_LOADER = "$(TEST_HOST)";
				CODE_SIGN_STYLE = Automatic;
				CURRENT_PROJECT_VERSION = 1;
				GENERATE_INFOPLIST_FILE = YES;
				IPHONEOS_DEPLOYMENT_TARGET = 17.0;
				MARKETING_VERSION = 1.0;
				PRODUCT_BUNDLE_IDENTIFIER = hieumy.RoomScan3DTests;
				PRODUCT_NAME = "$(TARGET_NAME)";
				SWIFT_EMIT_LOC_STRINGS = NO;
				SWIFT_VERSION = 5.0;
				TARGETED_DEVICE_FAMILY = "1,2";
				TEST_HOST = "$(BUILT_PRODUCTS_DIR)/RoomScan3D.app/$(BUNDLE_EXECUTABLE_FOLDER_PATH)/RoomScan3D";
			};
			name = Debug;
		};
		2C670C462CAA7F950080B444 /* Release */ = {
			isa = XCBuildConfiguration;
			baseConfigurationReference = 56F5F961441A2FC2F779563E /* Pods-RoomScan3DTests.release.xcconfig */;
			buildSettings = {
				ALWAYS_EMBED_SWIFT_STANDARD_LIBRARIES = YES;
				BUNDLE_LOADER = "$(TEST_HOST)";
				CODE_SIGN_STYLE = Automatic;
				CURRENT_PROJECT_VERSION = 1;
				GENERATE_INFOPLIST_FILE = YES;
				IPHONEOS_DEPLOYMENT_TARGET = 17.0;
				MARKETING_VERSION = 1.0;
				PRODUCT_BUNDLE_IDENTIFIER = hieumy.RoomScan3DTests;
				PRODUCT_NAME = "$(TARGET_NAME)";
				SWIFT_EMIT_LOC_STRINGS = NO;
				SWIFT_VERSION = 5.0;
				TARGETED_DEVICE_FAMILY = "1,2";
				TEST_HOST = "$(BUILT_PRODUCTS_DIR)/RoomScan3D.app/$(BUNDLE_EXECUTABLE_FOLDER_PATH)/RoomScan3D";
			};
			name = Release;
		};
		2C670C482CAA7F950080B444 /* Debug */ = {
			isa = XCBuildConfiguration;
			baseConfigurationReference = E017816B62083D589725B5F6 /* Pods-RoomScan3D-RoomScan3DUITests.debug.xcconfig */;
			buildSettings = {
				ALWAYS_EMBED_SWIFT_STANDARD_LIBRARIES = YES;
				CODE_SIGN_STYLE = Automatic;
				CURRENT_PROJECT_VERSION = 1;
				GENERATE_INFOPLIST_FILE = YES;
				MARKETING_VERSION = 1.0;
				PRODUCT_BUNDLE_IDENTIFIER = hieumy.RoomScan3DUITests;
				PRODUCT_NAME = "$(TARGET_NAME)";
				SWIFT_EMIT_LOC_STRINGS = NO;
				SWIFT_VERSION = 5.0;
				TARGETED_DEVICE_FAMILY = "1,2";
				TEST_TARGET_NAME = RoomScan3D;
			};
			name = Debug;
		};
		2C670C492CAA7F950080B444 /* Release */ = {
			isa = XCBuildConfiguration;
			baseConfigurationReference = 44C814299348F7C9BD08FC20 /* Pods-RoomScan3D-RoomScan3DUITests.release.xcconfig */;
			buildSettings = {
				ALWAYS_EMBED_SWIFT_STANDARD_LIBRARIES = YES;
				CODE_SIGN_STYLE = Automatic;
				CURRENT_PROJECT_VERSION = 1;
				GENERATE_INFOPLIST_FILE = YES;
				MARKETING_VERSION = 1.0;
				PRODUCT_BUNDLE_IDENTIFIER = hieumy.RoomScan3DUITests;
				PRODUCT_NAME = "$(TARGET_NAME)";
				SWIFT_EMIT_LOC_STRINGS = NO;
				SWIFT_VERSION = 5.0;
				TARGETED_DEVICE_FAMILY = "1,2";
				TEST_TARGET_NAME = RoomScan3D;
			};
			name = Release;
		};
/* End XCBuildConfiguration section */

/* Begin XCConfigurationList section */
		2C670C122CAA7F940080B444 /* Build configuration list for PBXProject "RoomScan3D" */ = {
			isa = XCConfigurationList;
			buildConfigurations = (
				2C670C3F2CAA7F950080B444 /* Debug */,
				2C670C402CAA7F950080B444 /* Release */,
			);
			defaultConfigurationIsVisible = 0;
			defaultConfigurationName = Release;
		};
		2C670C412CAA7F950080B444 /* Build configuration list for PBXNativeTarget "RoomScan3D" */ = {
			isa = XCConfigurationList;
			buildConfigurations = (
				2C670C422CAA7F950080B444 /* Debug */,
				2C670C432CAA7F950080B444 /* Release */,
			);
			defaultConfigurationIsVisible = 0;
			defaultConfigurationName = Release;
		};
		2C670C442CAA7F950080B444 /* Build configuration list for PBXNativeTarget "RoomScan3DTests" */ = {
			isa = XCConfigurationList;
			buildConfigurations = (
				2C670C452CAA7F950080B444 /* Debug */,
				2C670C462CAA7F950080B444 /* Release */,
			);
			defaultConfigurationIsVisible = 0;
			defaultConfigurationName = Release;
		};
		2C670C472CAA7F950080B444 /* Build configuration list for PBXNativeTarget "RoomScan3DUITests" */ = {
			isa = XCConfigurationList;
			buildConfigurations = (
				2C670C482CAA7F950080B444 /* Debug */,
				2C670C492CAA7F950080B444 /* Release */,
			);
			defaultConfigurationIsVisible = 0;
			defaultConfigurationName = Release;
		};
/* End XCConfigurationList section */
	};
	rootObject = 2C670C0F2CAA7F940080B444 /* Project object */;
}
